
Microsoft Visual Studio Solution File, Format Version 12.00
# Visual Studio 2013
VisualStudioVersion = 12.0.21005.1
MinimumVisualStudioVersion = 10.0.40219.1
Project("{FAE04EC0-301F-11D3-BF4B-00C04F79EFBC}") = "ListT", "ListT\ListT.csproj", "{64A1BE55-3029-402E-BF40-3A72E9C1155B}"
EndProject
Project("{FAE04EC0-301F-11D3-BF4B-00C04F79EFBC}") = "ListTest", "ListTest\ListTest.csproj", "{01F3A60C-77D5-4734-A3A9-F0C13ABE2BD2}"
EndProject
Global
	GlobalSection(SolutionConfigurationPlatforms) = preSolution
		Debug|Any CPU = Debug|Any CPU
		Release|Any CPU = Release|Any CPU
	EndGlobalSection
	GlobalSection(ProjectConfigurationPlatforms) = postSolution
		{64A1BE55-3029-402E-BF40-3A72E9C1155B}.Debug|Any CPU.ActiveCfg = Debug|Any CPU
		{64A1BE55-3029-402E-BF40-3A72E9C1155B}.Debug|Any CPU.Build.0 = Debug|Any CPU
		{64A1BE55-3029-402E-BF40-3A72E9C1155B}.Release|Any CPU.ActiveCfg = Release|Any CPU
		{64A1BE55-3029-402E-BF40-3A72E9C1155B}.Release|Any CPU.Build.0 = Release|Any CPU
		{01F3A60C-77D5-4734-A3A9-F0C13ABE2BD2}.Debug|Any CPU.ActiveCfg = Debug|Any CPU
		{01F3A60C-77D5-4734-A3A9-F0C13ABE2BD2}.Debug|Any CPU.Build.0 = Debug|Any CPU
		{01F3A60C-77D5-4734-A3A9-F0C13ABE2BD2}.Release|Any CPU.ActiveCfg = Release|Any CPU
		{01F3A60C-77D5-4734-A3A9-F0C13ABE2BD2}.Release|Any CPU.Build.0 = Release|Any CPU
	EndGlobalSection
	GlobalSection(SolutionProperties) = preSolution
		HideSolutionNode = FALSE
	EndGlobalSection
EndGlobal
