
Microsoft Visual Studio Solution File, Format Version 12.00
# Visual Studio 2013
VisualStudioVersion = 12.0.21005.1
MinimumVisualStudioVersion = 10.0.40219.1
Project("{FAE04EC0-301F-11D3-BF4B-00C04F79EFBC}") = "FilterProject", "FilterProject\FilterProject.csproj", "{45D3827A-E662-4BA6-8A6C-0A2F2A2C20A4}"
EndProject
Project("{FAE04EC0-301F-11D3-BF4B-00C04F79EFBC}") = "FilterProjectTest", "FilterProjectTest\FilterProjectTest.csproj", "{05956882-26B5-4273-9E27-B285DD4F2103}"
EndProject
Global
	GlobalSection(SolutionConfigurationPlatforms) = preSolution
		Debug|Any CPU = Debug|Any CPU
		Release|Any CPU = Release|Any CPU
	EndGlobalSection
	GlobalSection(ProjectConfigurationPlatforms) = postSolution
		{45D3827A-E662-4BA6-8A6C-0A2F2A2C20A4}.Debug|Any CPU.ActiveCfg = Debug|Any CPU
		{45D3827A-E662-4BA6-8A6C-0A2F2A2C20A4}.Debug|Any CPU.Build.0 = Debug|Any CPU
		{45D3827A-E662-4BA6-8A6C-0A2F2A2C20A4}.Release|Any CPU.ActiveCfg = Release|Any CPU
		{45D3827A-E662-4BA6-8A6C-0A2F2A2C20A4}.Release|Any CPU.Build.0 = Release|Any CPU
		{05956882-26B5-4273-9E27-B285DD4F2103}.Debug|Any CPU.ActiveCfg = Debug|Any CPU
		{05956882-26B5-4273-9E27-B285DD4F2103}.Debug|Any CPU.Build.0 = Debug|Any CPU
		{05956882-26B5-4273-9E27-B285DD4F2103}.Release|Any CPU.ActiveCfg = Release|Any CPU
		{05956882-26B5-4273-9E27-B285DD4F2103}.Release|Any CPU.Build.0 = Release|Any CPU
	EndGlobalSection
	GlobalSection(SolutionProperties) = preSolution
		HideSolutionNode = FALSE
	EndGlobalSection
EndGlobal
