
Microsoft Visual Studio Solution File, Format Version 12.00
# Visual Studio 2013
VisualStudioVersion = 12.0.21005.1
MinimumVisualStudioVersion = 10.0.40219.1
Project("{FAE04EC0-301F-11D3-BF4B-00C04F79EFBC}") = "StackT", "StackT\StackT.csproj", "{DC1C9C6A-A07D-4FBB-BDA9-CDE6B051B2E4}"
EndProject
Project("{FAE04EC0-301F-11D3-BF4B-00C04F79EFBC}") = "StackTest", "StackTest\StackTest.csproj", "{11AE16B7-703C-4D8F-B401-72CB612B12CD}"
EndProject
Global
	GlobalSection(SolutionConfigurationPlatforms) = preSolution
		Debug|Any CPU = Debug|Any CPU
		Release|Any CPU = Release|Any CPU
	EndGlobalSection
	GlobalSection(ProjectConfigurationPlatforms) = postSolution
		{DC1C9C6A-A07D-4FBB-BDA9-CDE6B051B2E4}.Debug|Any CPU.ActiveCfg = Debug|Any CPU
		{DC1C9C6A-A07D-4FBB-BDA9-CDE6B051B2E4}.Debug|Any CPU.Build.0 = Debug|Any CPU
		{DC1C9C6A-A07D-4FBB-BDA9-CDE6B051B2E4}.Release|Any CPU.ActiveCfg = Release|Any CPU
		{DC1C9C6A-A07D-4FBB-BDA9-CDE6B051B2E4}.Release|Any CPU.Build.0 = Release|Any CPU
		{11AE16B7-703C-4D8F-B401-72CB612B12CD}.Debug|Any CPU.ActiveCfg = Debug|Any CPU
		{11AE16B7-703C-4D8F-B401-72CB612B12CD}.Debug|Any CPU.Build.0 = Debug|Any CPU
		{11AE16B7-703C-4D8F-B401-72CB612B12CD}.Release|Any CPU.ActiveCfg = Release|Any CPU
		{11AE16B7-703C-4D8F-B401-72CB612B12CD}.Release|Any CPU.Build.0 = Release|Any CPU
	EndGlobalSection
	GlobalSection(SolutionProperties) = preSolution
		HideSolutionNode = FALSE
	EndGlobalSection
EndGlobal
