
Microsoft Visual Studio Solution File, Format Version 12.00
# Visual Studio 2013
VisualStudioVersion = 12.0.21005.1
MinimumVisualStudioVersion = 10.0.40219.1
Project("{FAE04EC0-301F-11D3-BF4B-00C04F79EFBC}") = "StackCalcul", "StackCalcul\StackCalcul.csproj", "{ACA641DA-A1B5-4735-81B3-30F3648B2227}"
EndProject
Project("{FAE04EC0-301F-11D3-BF4B-00C04F79EFBC}") = "CalculTest", "CalculTest\CalculTest.csproj", "{BAB8A58D-E6F6-47E4-9635-6E892D86E537}"
EndProject
Global
	GlobalSection(SolutionConfigurationPlatforms) = preSolution
		Debug|Any CPU = Debug|Any CPU
		Release|Any CPU = Release|Any CPU
	EndGlobalSection
	GlobalSection(ProjectConfigurationPlatforms) = postSolution
		{ACA641DA-A1B5-4735-81B3-30F3648B2227}.Debug|Any CPU.ActiveCfg = Debug|Any CPU
		{ACA641DA-A1B5-4735-81B3-30F3648B2227}.Debug|Any CPU.Build.0 = Debug|Any CPU
		{ACA641DA-A1B5-4735-81B3-30F3648B2227}.Release|Any CPU.ActiveCfg = Release|Any CPU
		{ACA641DA-A1B5-4735-81B3-30F3648B2227}.Release|Any CPU.Build.0 = Release|Any CPU
		{BAB8A58D-E6F6-47E4-9635-6E892D86E537}.Debug|Any CPU.ActiveCfg = Debug|Any CPU
		{BAB8A58D-E6F6-47E4-9635-6E892D86E537}.Debug|Any CPU.Build.0 = Debug|Any CPU
		{BAB8A58D-E6F6-47E4-9635-6E892D86E537}.Release|Any CPU.ActiveCfg = Release|Any CPU
		{BAB8A58D-E6F6-47E4-9635-6E892D86E537}.Release|Any CPU.Build.0 = Release|Any CPU
	EndGlobalSection
	GlobalSection(SolutionProperties) = preSolution
		HideSolutionNode = FALSE
	EndGlobalSection
EndGlobal
